
Microsoft Visual Studio Solution File, Format Version 12.00
# Visual Studio 15
VisualStudioVersion = 15.0.28010.2046
MinimumVisualStudioVersion = 10.0.40219.1
Project("{FAE04EC0-301F-11D3-BF4B-00C04F79EFBC}") = "Multi-Entity Management Tool", "Multi-Entity Management Tool\Multi-Entity Management Tool.csproj", "{6786E6FB-68D1-4571-A1D1-B4147AAF8460}"
EndProject
Global
	GlobalSection(SolutionConfigurationPlatforms) = preSolution
		Debug|Any CPU = Debug|Any CPU
		Release|Any CPU = Release|Any CPU
	EndGlobalSection
	GlobalSection(ProjectConfigurationPlatforms) = postSolution
		{6786E6FB-68D1-4571-A1D1-B4147AAF8460}.Debug|Any CPU.ActiveCfg = Debug|Any CPU
		{6786E6FB-68D1-4571-A1D1-B4147AAF8460}.Debug|Any CPU.Build.0 = Debug|Any CPU
		{6786E6FB-68D1-4571-A1D1-B4147AAF8460}.Release|Any CPU.ActiveCfg = Release|Any CPU
		{6786E6FB-68D1-4571-A1D1-B4147AAF8460}.Release|Any CPU.Build.0 = Release|Any CPU
	EndGlobalSection
	GlobalSection(SolutionProperties) = preSolution
		HideSolutionNode = FALSE
	EndGlobalSection
	GlobalSection(ExtensibilityGlobals) = postSolution
		SolutionGuid = {3A2D9707-0450-45E6-96A6-3DDEA90D9013}
	EndGlobalSection
EndGlobal
